
Microsoft Visual Studio Solution File, Format Version 12.00
# Visual Studio Version 17
VisualStudioVersion = 17.8.34525.116
MinimumVisualStudioVersion = 10.0.40219.1
Project("{8BC9CEB8-8B4A-11D0-8D11-00A0C91BC942}") = "Array", "Array\Array.vcxproj", "{E34797C9-5A1F-4B47-967D-98567B192A4F}"
EndProject
Project("{8BC9CEB8-8B4A-11D0-8D11-00A0C91BC942}") = "Vector", "Vector\Vector.vcxproj", "{56A5E323-E008-463F-9CD3-C441E58108FC}"
EndProject
Project("{8BC9CEB8-8B4A-11D0-8D11-00A0C91BC942}") = "List", "List\List.vcxproj", "{B66F6F4C-8E5F-4B92-ACBA-8F8D3EBA9E98}"
EndProject
Global
	GlobalSection(SolutionConfigurationPlatforms) = preSolution
		Debug|x64 = Debug|x64
		Debug|x86 = Debug|x86
		Release|x64 = Release|x64
		Release|x86 = Release|x86
	EndGlobalSection
	GlobalSection(ProjectConfigurationPlatforms) = postSolution
		{E34797C9-5A1F-4B47-967D-98567B192A4F}.Debug|x64.ActiveCfg = Debug|x64
		{E34797C9-5A1F-4B47-967D-98567B192A4F}.Debug|x64.Build.0 = Debug|x64
		{E34797C9-5A1F-4B47-967D-98567B192A4F}.Debug|x86.ActiveCfg = Debug|Win32
		{E34797C9-5A1F-4B47-967D-98567B192A4F}.Debug|x86.Build.0 = Debug|Win32
		{E34797C9-5A1F-4B47-967D-98567B192A4F}.Release|x64.ActiveCfg = Release|x64
		{E34797C9-5A1F-4B47-967D-98567B192A4F}.Release|x64.Build.0 = Release|x64
		{E34797C9-5A1F-4B47-967D-98567B192A4F}.Release|x86.ActiveCfg = Release|Win32
		{E34797C9-5A1F-4B47-967D-98567B192A4F}.Release|x86.Build.0 = Release|Win32
		{56A5E323-E008-463F-9CD3-C441E58108FC}.Debug|x64.ActiveCfg = Debug|x64
		{56A5E323-E008-463F-9CD3-C441E58108FC}.Debug|x64.Build.0 = Debug|x64
		{56A5E323-E008-463F-9CD3-C441E58108FC}.Debug|x86.ActiveCfg = Debug|Win32
		{56A5E323-E008-463F-9CD3-C441E58108FC}.Debug|x86.Build.0 = Debug|Win32
		{56A5E323-E008-463F-9CD3-C441E58108FC}.Release|x64.ActiveCfg = Release|x64
		{56A5E323-E008-463F-9CD3-C441E58108FC}.Release|x64.Build.0 = Release|x64
		{56A5E323-E008-463F-9CD3-C441E58108FC}.Release|x86.ActiveCfg = Release|Win32
		{56A5E323-E008-463F-9CD3-C441E58108FC}.Release|x86.Build.0 = Release|Win32
		{B66F6F4C-8E5F-4B92-ACBA-8F8D3EBA9E98}.Debug|x64.ActiveCfg = Debug|x64
		{B66F6F4C-8E5F-4B92-ACBA-8F8D3EBA9E98}.Debug|x64.Build.0 = Debug|x64
		{B66F6F4C-8E5F-4B92-ACBA-8F8D3EBA9E98}.Debug|x86.ActiveCfg = Debug|Win32
		{B66F6F4C-8E5F-4B92-ACBA-8F8D3EBA9E98}.Debug|x86.Build.0 = Debug|Win32
		{B66F6F4C-8E5F-4B92-ACBA-8F8D3EBA9E98}.Release|x64.ActiveCfg = Release|x64
		{B66F6F4C-8E5F-4B92-ACBA-8F8D3EBA9E98}.Release|x64.Build.0 = Release|x64
		{B66F6F4C-8E5F-4B92-ACBA-8F8D3EBA9E98}.Release|x86.ActiveCfg = Release|Win32
		{B66F6F4C-8E5F-4B92-ACBA-8F8D3EBA9E98}.Release|x86.Build.0 = Release|Win32
	EndGlobalSection
	GlobalSection(SolutionProperties) = preSolution
		HideSolutionNode = FALSE
	EndGlobalSection
	GlobalSection(ExtensibilityGlobals) = postSolution
		SolutionGuid = {92BF9A82-288D-4B5E-A560-0F0BF3C79B21}
	EndGlobalSection
EndGlobal
